
Microsoft Visual Studio Solution File, Format Version 12.00
# Visual Studio 15
VisualStudioVersion = 15.0.26730.16
MinimumVisualStudioVersion = 10.0.40219.1
Project("{FAE04EC0-301F-11D3-BF4B-00C04F79EFBC}") = "CBSync", "CBSync\CBSync.csproj", "{8748D76C-2698-42C4-8094-A8A2551D0F51}"
EndProject
Global
	GlobalSection(SolutionConfigurationPlatforms) = preSolution
		Debug|Any CPU = Debug|Any CPU
		Release|Any CPU = Release|Any CPU
	EndGlobalSection
	GlobalSection(ProjectConfigurationPlatforms) = postSolution
		{8748D76C-2698-42C4-8094-A8A2551D0F51}.Debug|Any CPU.ActiveCfg = Debug|Any CPU
		{8748D76C-2698-42C4-8094-A8A2551D0F51}.Debug|Any CPU.Build.0 = Debug|Any CPU
		{8748D76C-2698-42C4-8094-A8A2551D0F51}.Release|Any CPU.ActiveCfg = Release|Any CPU
		{8748D76C-2698-42C4-8094-A8A2551D0F51}.Release|Any CPU.Build.0 = Release|Any CPU
	EndGlobalSection
	GlobalSection(SolutionProperties) = preSolution
		HideSolutionNode = FALSE
	EndGlobalSection
	GlobalSection(ExtensibilityGlobals) = postSolution
		SolutionGuid = {21157049-8496-454C-9CDB-F0EE48B573B2}
	EndGlobalSection
EndGlobal
