
Microsoft Visual Studio Solution File, Format Version 12.00
# Visual Studio 15
VisualStudioVersion = 15.0.26730.16
MinimumVisualStudioVersion = 10.0.40219.1
Project("{FAE04EC0-301F-11D3-BF4B-00C04F79EFBC}") = "CBSync", "CBSync\CBSync.csproj", "{1CCA7257-6A3B-4DF3-9817-4D9711A2F2B6}"
EndProject
Global
	GlobalSection(SolutionConfigurationPlatforms) = preSolution
		Debug|Any CPU = Debug|Any CPU
		Release|Any CPU = Release|Any CPU
	EndGlobalSection
	GlobalSection(ProjectConfigurationPlatforms) = postSolution
		{1CCA7257-6A3B-4DF3-9817-4D9711A2F2B6}.Debug|Any CPU.ActiveCfg = Debug|Any CPU
		{1CCA7257-6A3B-4DF3-9817-4D9711A2F2B6}.Debug|Any CPU.Build.0 = Debug|Any CPU
		{1CCA7257-6A3B-4DF3-9817-4D9711A2F2B6}.Release|Any CPU.ActiveCfg = Release|Any CPU
		{1CCA7257-6A3B-4DF3-9817-4D9711A2F2B6}.Release|Any CPU.Build.0 = Release|Any CPU
	EndGlobalSection
	GlobalSection(SolutionProperties) = preSolution
		HideSolutionNode = FALSE
	EndGlobalSection
	GlobalSection(ExtensibilityGlobals) = postSolution
		SolutionGuid = {21157049-8496-454C-9CDB-F0EE48B573B2}
	EndGlobalSection
EndGlobal
